{
  "nodes": {
    "flake-utils": {
      "locked": {
        "lastModified": 1623875721,
        "narHash": "sha256-A8BU7bjS5GirpAUv4QA+QnJ4CceLHkcXdRp4xITDB0s=",
        "owner": "numtide",
        "repo": "flake-utils",
        "rev": "f7e004a55b120c02ecb6219596820fcd32ca8772",
        "type": "github"
      },
      "original": {
        "owner": "numtide",
        "repo": "flake-utils",
        "type": "github"
      }
    },
    "nixos": {
      "locked": {
        "lastModified": 1628607662,
        "narHash": "sha256-TT7jldaYFtHGdVX/yE6FjdpPdNY01xIygB2zGjzFTqk=",
        "owner": "nixos",
        "repo": "nixpkgs",
        "rev": "2d6ab6c6b92f7aaf8bc53baba9754b9bfdce56f2",
        "type": "github"
      },
      "original": {
        "owner": "nixos",
        "ref": "nixos-21.05",
        "repo": "nixpkgs",
        "type": "github"
      }
    },
    "nixpkgs": {
      "locked": {
        "lastModified": 1626206726,
        "narHash": "sha256-IhkJW4w7CxGnrXmubV5cJtptgriGwfdiSe4EasgbnRM=",
        "owner": "nixos",
        "repo": "nixpkgs",
        "rev": "f7dd9ff03ccd6ac8ce0a74771be11fee1c6086ad",
        "type": "github"
      },
      "original": {
        "owner": "nixos",
        "repo": "nixpkgs",
        "type": "github"
      }
    },
    "oesr": {
      "inputs": {
        "flake-utils": "flake-utils",
        "nixpkgs": "nixpkgs"
      },
      "locked": {
        "narHash": "sha256-3KxFKQBVU/g09mDiR8kzdXBO+ginYYvjUhfxH5j+Bks=",
        "path": "../",
        "type": "path"
      },
      "original": {
        "path": "../",
        "type": "path"
      }
    },
    "root": {
      "inputs": {
        "nixos": "nixos",
        "oesr": "oesr"
      }
    }
  },
  "root": "root",
  "version": 7
}
